
Microsoft Visual Studio Solution File, Format Version 12.00
# Visual Studio Version 16
VisualStudioVersion = 16.0.32602.291
MinimumVisualStudioVersion = 10.0.40219.1
Project("{FAE04EC0-301F-11D3-BF4B-00C04F79EFBC}") = "NumberHave", "NumberHave\NumberHave.csproj", "{7A9686EB-D1FF-4165-B988-8850299B15CB}"
EndProject
Global
	GlobalSection(SolutionConfigurationPlatforms) = preSolution
		Debug|Any CPU = Debug|Any CPU
		Release|Any CPU = Release|Any CPU
	EndGlobalSection
	GlobalSection(ProjectConfigurationPlatforms) = postSolution
		{7A9686EB-D1FF-4165-B988-8850299B15CB}.Debug|Any CPU.ActiveCfg = Debug|Any CPU
		{7A9686EB-D1FF-4165-B988-8850299B15CB}.Debug|Any CPU.Build.0 = Debug|Any CPU
		{7A9686EB-D1FF-4165-B988-8850299B15CB}.Release|Any CPU.ActiveCfg = Release|Any CPU
		{7A9686EB-D1FF-4165-B988-8850299B15CB}.Release|Any CPU.Build.0 = Release|Any CPU
	EndGlobalSection
	GlobalSection(SolutionProperties) = preSolution
		HideSolutionNode = FALSE
	EndGlobalSection
	GlobalSection(ExtensibilityGlobals) = postSolution
		SolutionGuid = {599D7612-2C98-4CF3-8CA0-87266704E9B6}
	EndGlobalSection
EndGlobal
